
Microsoft Visual Studio Solution File, Format Version 12.00
# Visual Studio Version 17
VisualStudioVersion = 17.8.34525.116
MinimumVisualStudioVersion = 10.0.40219.1
Project("{FAE04EC0-301F-11D3-BF4B-00C04F79EFBC}") = "Olx.Domain", "Olx.Domain\Olx.Domain.csproj", "{F02D80A4-351D-49D5-BB81-8ED6E2058BEC}"
EndProject
Global
	GlobalSection(SolutionConfigurationPlatforms) = preSolution
		Debug|Any CPU = Debug|Any CPU
		Release|Any CPU = Release|Any CPU
	EndGlobalSection
	GlobalSection(ProjectConfigurationPlatforms) = postSolution
		{F02D80A4-351D-49D5-BB81-8ED6E2058BEC}.Debug|Any CPU.ActiveCfg = Debug|Any CPU
		{F02D80A4-351D-49D5-BB81-8ED6E2058BEC}.Debug|Any CPU.Build.0 = Debug|Any CPU
		{F02D80A4-351D-49D5-BB81-8ED6E2058BEC}.Release|Any CPU.ActiveCfg = Release|Any CPU
		{F02D80A4-351D-49D5-BB81-8ED6E2058BEC}.Release|Any CPU.Build.0 = Release|Any CPU
	EndGlobalSection
	GlobalSection(SolutionProperties) = preSolution
		HideSolutionNode = FALSE
	EndGlobalSection
	GlobalSection(ExtensibilityGlobals) = postSolution
		SolutionGuid = {BDFFC6B2-346B-4342-A602-2AD1174D02BB}
	EndGlobalSection
EndGlobal
